lockfileVersion: '9.0'

settings:
  autoInstallPeers: true
  excludeLinksFromLockfile: false

importers:

  .:
    devDependencies:
      postcss-preset-env:
        specifier: ^11.2.0
        version: 11.2.0(postcss@8.5.8)

packages:

  '@csstools/cascade-layer-name-parser@3.0.0':
    resolution: {integrity: sha512-/3iksyevwRfSJx5yH0RkcrcYXwuhMQx3Juqf40t97PeEy2/Mz2TItZ/z/216qpe4GgOyFBP8MKIwVvytzHmfIQ==}
    engines: {node: '>=20.19.0'}
    peerDependencies:
      '@csstools/css-parser-algorithms': ^4.0.0
      '@csstools/css-tokenizer': ^4.0.0

  '@csstools/color-helpers@6.0.2':
    resolution: {integrity: sha512-LMGQLS9EuADloEFkcTBR3BwV/CGHV7zyDxVRtVDTwdI2Ca4it0CCVTT9wCkxSgokjE5Ho41hEPgb8OEUwoXr6Q==}
    engines: {node: '>=20.19.0'}

  '@csstools/css-calc@3.1.1':
    resolution: {integrity: sha512-HJ26Z/vmsZQqs/o3a6bgKslXGFAungXGbinULZO3eMsOyNJHeBBZfup5FiZInOghgoM4Hwnmw+OgbJCNg1wwUQ==}
    engines: {node: '>=20.19.0'}
    peerDependencies:
      '@csstools/css-parser-algorithms': ^4.0.0
      '@csstools/css-tokenizer': ^4.0.0

  '@csstools/css-color-parser@4.0.2':
    resolution: {integrity: sha512-0GEfbBLmTFf0dJlpsNU7zwxRIH0/BGEMuXLTCvFYxuL1tNhqzTbtnFICyJLTNK4a+RechKP75e7w42ClXSnJQw==}
    engines: {node: '>=20.19.0'}
    peerDependencies:
      '@csstools/css-parser-algorithms': ^4.0.0
      '@csstools/css-tokenizer': ^4.0.0

  '@csstools/css-parser-algorithms@4.0.0':
    resolution: {integrity: sha512-+B87qS7fIG3L5h3qwJ/IFbjoVoOe/bpOdh9hAjXbvx0o8ImEmUsGXN0inFOnk2ChCFgqkkGFQ+TpM5rbhkKe4w==}
    engines: {node: '>=20.19.0'}
    peerDependencies:
      '@csstools/css-tokenizer': ^4.0.0

  '@csstools/css-tokenizer@4.0.0':
    resolution: {integrity: sha512-QxULHAm7cNu72w97JUNCBFODFaXpbDg+dP8b/oWFAZ2MTRppA3U00Y2L1HqaS4J6yBqxwa/Y3nMBaxVKbB/NsA==}
    engines: {node: '>=20.19.0'}

  '@csstools/media-query-list-parser@5.0.0':
    resolution: {integrity: sha512-T9lXmZOfnam3eMERPsszjY5NK0jX8RmThmmm99FZ8b7z8yMaFZWKwLWGZuTwdO3ddRY5fy13GmmEYZXB4I98Eg==}
    engines: {node: '>=20.19.0'}
    peerDependencies:
      '@csstools/css-parser-algorithms': ^4.0.0
      '@csstools/css-tokenizer': ^4.0.0

  '@csstools/postcss-alpha-function@2.0.3':
    resolution: {integrity: sha512-8GqzD3JnfpKJSVxPIC0KadyAfB5VRzPZdv7XQ4zvK1q0ku+uHVUAS2N/IDavQkW40gkuUci64O0ea6QB/zgCSw==}
    engines: {node: '>=20.19.0'}
    peerDependencies:
      postcss: ^8.4

  '@csstools/postcss-cascade-layers@6.0.0':
    resolution: {integrity: sha512-WhsECqmrEZQGqaPlBA7JkmF/CJ2/+wetL4fkL9sOPccKd32PQ1qToFM6gqSI5rkpmYqubvbxjEJhyMTHYK0vZQ==}
    engines: {node: '>=20.19.0'}
    peerDependencies:
      postcss: ^8.4

  '@csstools/postcss-color-function-display-p3-linear@2.0.2':
    resolution: {integrity: sha512-TWUwSe1+2KdYGGWTx5LR4JQN07vKHAeSho+bGYRgow+9cs3dqgOqS1f/a1odiX30ESmZvwIudJ86wzeiDR6UGg==}
    engines: {node: '>=20.19.0'}
    peerDependencies:
      postcss: ^8.4

  '@csstools/postcss-color-function@5.0.2':
    resolution: {integrity: sha512-CjBdFemUFcAh3087MEJhZcO+QT1b8S75agysa1rU9TEC1YecznzwV+jpMxUc0JRBEV4ET2PjLssqmndR9IygeA==}
    engines: {node: '>=20.19.0'}
    peerDependencies:
      postcss: ^8.4

  '@csstools/postcss-color-mix-function@4.0.2':
    resolution: {integrity: sha512-PFKQKswFqZrYKpajZsP4lhqjU/6+J5PTOWq1rKiFnniKsf4LgpGXrgHS/C6nn5Rc51LX0n4dWOWqY5ZN2i5IjA==}
    engines: {node: '>=20.19.0'}
    peerDependencies:
      postcss: ^8.4

  '@csstools/postcss-color-mix-variadic-function-arguments@2.0.2':
    resolution: {integrity: sha512-zEchsghpDH/6SytyjKu9TIPm4hiiWcur102cENl54cyIwTZsa+2MBJl/vtyALZ+uQ17h27L4waD+0Ow96sgZow==}
    engines: {node: '>=20.19.0'}
    peerDependencies:
      postcss: ^8.4

  '@csstools/postcss-content-alt-text@3.0.0':
    resolution: {integrity: sha512-OHa+4aCcrJtHpPWB3zptScHwpS1TUbeLR4uO0ntIz0Su/zw9SoWkVu+tDMSySSAsNtNSI3kut4fTliFwIsrHxA==}
    engines: {node: '>=20.19.0'}
    peerDependencies:
      postcss: ^8.4

  '@csstools/postcss-contrast-color-function@3.0.2':
    resolution: {integrity: sha512-fwOz/m+ytFPz4aIph2foQS9nEDOdOjYcN5bgwbGR2jGUV8mYaeD/EaTVMHTRb/zqB65y2qNwmcFcE6VQty69Pw==}
    engines: {node: '>=20.19.0'}
    peerDependencies:
      postcss: ^8.4

  '@csstools/postcss-exponential-functions@3.0.1':
    resolution: {integrity: sha512-WHJ52Uk0AVUIICEYRY9xFHJZAuq0ZVg0f8xzqUN2zRFrZvGgRPpFwxK7h9FWvqKIOueOwN6hnJD23A8FwsUiVw==}
    engines: {node: '>=20.19.0'}
    peerDependencies:
      postcss: ^8.4

  '@csstools/postcss-font-format-keywords@5.0.0':
    resolution: {integrity: sha512-M1EjCe/J3u8fFhOZgRci74cQhJ7R0UFBX6T+WqoEvjrr8hVfMiV+HTYrzxLY5OW8YllvXYr5Q5t5OvJbsUSeDg==}
    engines: {node: '>=20.19.0'}
    peerDependencies:
      postcss: ^8.4

  '@csstools/postcss-font-width-property@1.0.0':
    resolution: {integrity: sha512-AvmySApdijbjYQuXXh95tb7iVnqZBbJrv3oajO927ksE/mDmJBiszm+psW8orL2lRGR8j6ZU5Uv9/ou2Z5KRKA==}
    engines: {node: '>=20.19.0'}
    peerDependencies:
      postcss: ^8.4

  '@csstools/postcss-gamut-mapping@3.0.2':
    resolution: {integrity: sha512-IrXAW3KQ3Sxm29C3/4mYQ/iA0Q5OH9YFOPQ2w24iIlXpD06A9MHvmQapP2vAGtQI3tlp2Xw5LIdm9F8khARfOA==}
    engines: {node: '>=20.19.0'}
    peerDependencies:
      postcss: ^8.4

  '@csstools/postcss-gradients-interpolation-method@6.0.2':
    resolution: {integrity: sha512-saQHvD1PD/zCdn+kxCWCcQOdXZBljr8L6BKlCLs0w8GXYfo3SHdWL1HZQ+I1hVCPlU+MJPJJbZJjG/jHRJSlAw==}
    engines: {node: '>=20.19.0'}
    peerDependencies:
      postcss: ^8.4

  '@csstools/postcss-hwb-function@5.0.2':
    resolution: {integrity: sha512-ChR0+pKc/2cs900jakiv8dLrb69aez5P3T+g+wfJx1j6mreAe8orKTiMrVBk+DZvCRqpdOA2m8VoFms64A3Dew==}
    engines: {node: '>=20.19.0'}
    peerDependencies:
      postcss: ^8.4

  '@csstools/postcss-ic-unit@5.0.0':
    resolution: {integrity: sha512-/ws5d6c4uKqfM9zIL3ugcGI+3fvZEOOkJHNzAyTAGJIdZ+aSL9BVPNlHGV4QzmL0vqBSCOdU3+rhcMEj3+KzYw==}
    engines: {node: '>=20.19.0'}
    peerDependencies:
      postcss: ^8.4

  '@csstools/postcss-initial@3.0.0':
    resolution: {integrity: sha512-UVUrFmrTQyLomVepnjWlbBg7GoscLmXLwYFyjbcEnmpeGW7wde6lNpx5eM3eVwZI2M+7hCE3ykYnAsEPLcLa+Q==}
    engines: {node: '>=20.19.0'}
    peerDependencies:
      postcss: ^8.4

  '@csstools/postcss-is-pseudo-class@6.0.0':
    resolution: {integrity: sha512-1Hdy/ykg9RDo8vU8RiM2o+RaXO39WpFPaIkHxlAEJFofle/lc33tdQMKhBk3jR/Fe+uZNLOs3HlowFafyFptVw==}
    engines: {node: '>=20.19.0'}
    peerDependencies:
      postcss: ^8.4

  '@csstools/postcss-light-dark-function@3.0.0':
    resolution: {integrity: sha512-s++V5/hYazeRUCYIn2lsBVzUsxdeC46gtwpgW6lu5U/GlPOS5UTDT14kkEyPgXmFbCvaWLREqV7YTMJq1K3G6w==}
    engines: {node: '>=20.19.0'}
    peerDependencies:
      postcss: ^8.4

  '@csstools/postcss-logical-float-and-clear@4.0.0':
    resolution: {integrity: sha512-NGzdIRVj/VxOa/TjVdkHeyiJoDihONV0+uB0csUdgWbFFr8xndtfqK8iIGP9IKJzco+w0hvBF2SSk2sDSTAnOQ==}
    engines: {node: '>=20.19.0'}
    peerDependencies:
      postcss: ^8.4

  '@csstools/postcss-logical-overflow@3.0.0':
    resolution: {integrity: sha512-5cRg93QXVskM0MNepHpPcL0WLSf5Hncky0DrFDQY/4ozbH5lH7SX5ejayVpNTGSX7IpOvu7ykQDLOdMMGYzwpA==}
    engines: {node: '>=20.19.0'}
    peerDependencies:
      postcss: ^8.4

  '@csstools/postcss-logical-overscroll-behavior@3.0.0':
    resolution: {integrity: sha512-82Jnl/5Wi5jb19nQE1XlBHrZcNL3PzOgcj268cDkfwf+xi10HBqufGo1Unwf5n8bbbEFhEKgyQW+vFsc9iY1jw==}
    engines: {node: '>=20.19.0'}
    peerDependencies:
      postcss: ^8.4

  '@csstools/postcss-logical-resize@4.0.0':
    resolution: {integrity: sha512-L0T3q0gei/tGetCGZU0c7VN77VTivRpz1YZRNxjXYmW+85PKeI6U9YnSvDqLU2vBT2uN4kLEzfgZ0ThIZpN18A==}
    engines: {node: '>=20.19.0'}
    peerDependencies:
      postcss: ^8.4

  '@csstools/postcss-logical-viewport-units@4.0.0':
    resolution: {integrity: sha512-TA3AqVN/1IH3dKRC2UUWvprvwyOs2IeD7FDZk5Hz20w4q33yIuSg0i0gjyTUkcn90g8A4n7QpyZ2AgBrnYPnnA==}
    engines: {node: '>=20.19.0'}
    peerDependencies:
      postcss: ^8.4

  '@csstools/postcss-media-minmax@3.0.1':
    resolution: {integrity: sha512-I+CrmZt23fyejMItpLQFOg9gPXkDBBDjTqRT0UxCTZlYZfGrzZn4z+2kbXLRwDfR59OK8zaf26M4kwYwG0e1MA==}
    engines: {node: '>=20.19.0'}
    peerDependencies:
      postcss: ^8.4

  '@csstools/postcss-media-queries-aspect-ratio-number-values@4.0.0':
    resolution: {integrity: sha512-FDdC3lbrj8Vr0SkGIcSLTcRB7ApG6nlJFxOxkEF2C5hIZC1jtgjISFSGn/WjFdVkn8Dqe+Vx9QXI3axS2w1XHw==}
    engines: {node: '>=20.19.0'}
    peerDependencies:
      postcss: ^8.4

  '@csstools/postcss-mixins@1.0.0':
    resolution: {integrity: sha512-rz6qjT2w9L3k65jGc2dX+3oGiSrYQ70EZPDrINSmSVoVys7lLBFH0tvEa8DW2sr9cbRVD/W+1sy8+7bfu0JUfg==}
    engines: {node: '>=20.19.0'}
    peerDependencies:
      postcss: ^8.4

  '@csstools/postcss-nested-calc@5.0.0':
    resolution: {integrity: sha512-aPSw8P60e/i9BEfugauhikBqgjiwXcw3I9o4vXs+hktl4NSTgZRI0QHimxk9mst8N01A2TKDBxOln3mssRxiHQ==}
    engines: {node: '>=20.19.0'}
    peerDependencies:
      postcss: ^8.4

  '@csstools/postcss-normalize-display-values@5.0.1':
    resolution: {integrity: sha512-FcbEmoxDEGYvm2W3rQzVzcuo66+dDJjzzVDs+QwRmZLHYofGmMGwIKPqzF86/YW+euMDa7sh1xjWDvz/fzByZQ==}
    engines: {node: '>=20.19.0'}
    peerDependencies:
      postcss: ^8.4

  '@csstools/postcss-oklab-function@5.0.2':
    resolution: {integrity: sha512-3d/Wcnp2uW6Io0Tajl0croeUo46gwOVQI9N32PjA/HVQo6z1iL7yp19Gp+6e5E5CDKGpW7U822MsDVo2XK1z0Q==}
    engines: {node: '>=20.19.0'}
    peerDependencies:
      postcss: ^8.4

  '@csstools/postcss-position-area-property@2.0.0':
    resolution: {integrity: sha512-TeEfzsJGB23Syv7yCm8AHCD2XTFujdjr9YYu9ebH64vnfCEvY4BG319jXAYSlNlf3Yc9PNJ6WnkDkUF5XVgSKQ==}
    engines: {node: '>=20.19.0'}
    peerDependencies:
      postcss: ^8.4

  '@csstools/postcss-progressive-custom-properties@5.0.0':
    resolution: {integrity: sha512-NsJoZ89rxmDrUsITf8QIk5w+lQZQ8Xw5K6cLFG+cfiffsLYHb3zcbOOrHLetGl1WIhjWWQ4Cr8MMrg46Q+oACg==}
    engines: {node: '>=20.19.0'}
    peerDependencies:
      postcss: ^8.4

  '@csstools/postcss-property-rule-prelude-list@2.0.0':
    resolution: {integrity: sha512-qcMAkc9AhpzHgmQCD8hoJgGYifcOAxd1exXjjxilMM6euwRE619xDa4UsKBCv/v4g+sS63sd6c29LPM8s2ylSQ==}
    engines: {node: '>=20.19.0'}
    peerDependencies:
      postcss: ^8.4

  '@csstools/postcss-random-function@3.0.1':
    resolution: {integrity: sha512-SvKGfmj+WHfn4bWHaBYlkXDyU3SlA3fL8aaYZ8Op6M8tunNf3iV9uZyZZGWMCbDw0sGeoTmYZW9nmKN8Qi/ctg==}
    engines: {node: '>=20.19.0'}
    peerDependencies:
      postcss: ^8.4

  '@csstools/postcss-relative-color-syntax@4.0.2':
    resolution: {integrity: sha512-HaMN+qMURinllszbps2AhXKaLeibg/2VW6FriYDrqE58ji82+z2S3/eLloywVOY8BQCJ9lZMdy6TcRQNbn9u3w==}
    engines: {node: '>=20.19.0'}
    peerDependencies:
      postcss: ^8.4

  '@csstools/postcss-scope-pseudo-class@5.0.0':
    resolution: {integrity: sha512-kBrBFJcAji3MSHS4qQIihPvJfJC5xCabXLbejqDMiQi+86HD4eMBiTayAo46Urg7tlEmZZQFymFiJt+GH6nvXw==}
    engines: {node: '>=20.19.0'}
    peerDependencies:
      postcss: ^8.4

  '@csstools/postcss-sign-functions@2.0.1':
    resolution: {integrity: sha512-C3br0qcHJkQ0qSGUBnDJHXQdO8XObnCpGwai5m1L2tv2nCjt0vRHG6A9aVCQHvh08OqHNM2ty1dYDNNXV99YAQ==}
    engines: {node: '>=20.19.0'}
    peerDependencies:
      postcss: ^8.4

  '@csstools/postcss-stepped-value-functions@5.0.1':
    resolution: {integrity: sha512-vZf7zPzRb7xIi2o5Z9q6wyeEAjoRCg74O2QvYxmQgxYO5V5cdBv4phgJDyOAOP3JHy4abQlm2YaEUS3gtGQo0g==}
    engines: {node: '>=20.19.0'}
    peerDependencies:
      postcss: ^8.4

  '@csstools/postcss-syntax-descriptor-syntax-production@2.0.0':
    resolution: {integrity: sha512-elYcbdiBXAkPqvojB9kIBRuHY6htUhjSITtFQ+XiXnt6SvZCbNGxQmaaw6uZ7SPHu/+i/XVjzIt09/1k3SIerQ==}
    engines: {node: '>=20.19.0'}
    peerDependencies:
      postcss: ^8.4

  '@csstools/postcss-system-ui-font-family@2.0.0':
    resolution: {integrity: sha512-FyGZCgchFImFyiHS2x3rD5trAqatf/x23veBLTIgbaqyFfna6RNBD+Qf8HRSjt6HGMXOLhAjxJ3OoZg0bbn7Qw==}
    engines: {node: '>=20.19.0'}
    peerDependencies:
      postcss: ^8.4

  '@csstools/postcss-text-decoration-shorthand@5.0.3':
    resolution: {integrity: sha512-62fjggvIM1YYfDJPcErMUDkEZB6CByG8neTJqexnZe1hRBgCjD4dnXDLoCSSurjs1LzjBq6irFDpDaOvDZfrlw==}
    engines: {node: '>=20.19.0'}
    peerDependencies:
      postcss: ^8.4

  '@csstools/postcss-trigonometric-functions@5.0.1':
    resolution: {integrity: sha512-e8me32Mhl8JeBnxVJgsQUYpV4Md4KiyvpILpQlaY/eK1Gwdb04kasiTTswPQ5q7Z8+FppJZ2Z4d8HRfn6rjD3w==}
    engines: {node: '>=20.19.0'}
    peerDependencies:
      postcss: ^8.4

  '@csstools/postcss-unset-value@5.0.0':
    resolution: {integrity: sha512-EoO54sS2KCIfesvHyFYAW99RtzwHdgaJzhl7cqKZSaMYKZv3fXSOehDjAQx8WZBKn1JrMd7xJJI1T1BxPF7/jA==}
    engines: {node: '>=20.19.0'}
    peerDependencies:
      postcss: ^8.4

  '@csstools/selector-resolve-nested@4.0.0':
    resolution: {integrity: sha512-9vAPxmp+Dx3wQBIUwc1v7Mdisw1kbbaGqXUM8QLTgWg7SoPGYtXBsMXvsFs/0Bn5yoFhcktzxNZGNaUt0VjgjA==}
    engines: {node: '>=20.19.0'}
    peerDependencies:
      postcss-selector-parser: ^7.1.1

  '@csstools/selector-specificity@6.0.0':
    resolution: {integrity: sha512-4sSgl78OtOXEX/2d++8A83zHNTgwCJMaR24FvsYL7Uf/VS8HZk9PTwR51elTbGqMuwH3szLvvOXEaVnqn0Z3zA==}
    engines: {node: '>=20.19.0'}
    peerDependencies:
      postcss-selector-parser: ^7.1.1

  '@csstools/utilities@3.0.0':
    resolution: {integrity: sha512-etDqA/4jYvOGBM6yfKCOsEXfH96BKztZdgGmGqKi2xHnDe0ILIBraRspwgYatJH9JsCZ5HCGoCst8w18EKOAdg==}
    engines: {node: '>=20.19.0'}
    peerDependencies:
      postcss: ^8.4

  autoprefixer@10.4.27:
    resolution: {integrity: sha512-NP9APE+tO+LuJGn7/9+cohklunJsXWiaWEfV3si4Gi/XHDwVNgkwr1J3RQYFIvPy76GmJ9/bW8vyoU1LcxwKHA==}
    engines: {node: ^10 || ^12 || >=14}
    hasBin: true
    peerDependencies:
      postcss: ^8.1.0

  baseline-browser-mapping@2.10.0:
    resolution: {integrity: sha512-lIyg0szRfYbiy67j9KN8IyeD7q7hcmqnJ1ddWmNt19ItGpNN64mnllmxUNFIOdOm6by97jlL6wfpTTJrmnjWAA==}
    engines: {node: '>=6.0.0'}
    hasBin: true

  browserslist@4.28.1:
    resolution: {integrity: sha512-ZC5Bd0LgJXgwGqUknZY/vkUQ04r8NXnJZ3yYi4vDmSiZmC/pdSN0NbNRPxZpbtO4uAfDUAFffO8IZoM3Gj8IkA==}
    engines: {node: ^6 || ^7 || ^8 || ^9 || ^10 || ^11 || ^12 || >=13.7}
    hasBin: true

  caniuse-lite@1.0.30001776:
    resolution: {integrity: sha512-sg01JDPzZ9jGshqKSckOQthXnYwOEP50jeVFhaSFbZcOy05TiuuaffDOfcwtCisJ9kNQuLBFibYywv2Bgm9osw==}

  css-blank-pseudo@8.0.1:
    resolution: {integrity: sha512-C5B2e5hCM4llrQkUms+KnWEMVW8K1n2XvX9G7ppfMZJQ7KAS/4rNnkP1Cs+HhWriOz1mWWTMFD4j1J7s31Dgug==}
    engines: {node: '>=20.19.0'}
    peerDependencies:
      postcss: ^8.4

  css-has-pseudo@8.0.0:
    resolution: {integrity: sha512-Uz/bsHRbOeir/5Oeuz85tq/yLJLxX+3dpoRdjNTshs6jjqwUg8XaEZGDd0ci3fw7l53Srw0EkJ8mYan0eW5uGQ==}
    engines: {node: '>=20.19.0'}
    peerDependencies:
      postcss: ^8.4

  css-prefers-color-scheme@11.0.0:
    resolution: {integrity: sha512-fv0mgtwUhh2m9iio3Kxc2CkrogjIaRdMFaaqyzSFdii17JF4cfPyMNX72B15ZW2Nrr/NZUpxI4dec1VMHYJvdw==}
    engines: {node: '>=20.19.0'}
    peerDependencies:
      postcss: ^8.4

  cssdb@8.8.0:
    resolution: {integrity: sha512-QbLeyz2Bgso1iRlh7IpWk6OKa3lLNGXsujVjDMPl9rOZpxKeiG69icLpbLCFxeURwmcdIfZqQyhlooKJYM4f8Q==}

  cssesc@3.0.0:
    resolution: {integrity: sha512-/Tb/JcjK111nNScGob5MNtsntNM1aCNUDipB/TkwZFhyDrrE47SOx/18wF2bbjgc3ZzCSKW1T5nt5EbFoAz/Vg==}
    engines: {node: '>=4'}
    hasBin: true

  electron-to-chromium@1.5.307:
    resolution: {integrity: sha512-5z3uFKBWjiNR44nFcYdkcXjKMbg5KXNdciu7mhTPo9tB7NbqSNP2sSnGR+fqknZSCwKkBN+oxiiajWs4dT6ORg==}

  escalade@3.2.0:
    resolution: {integrity: sha512-WUj2qlxaQtO4g6Pq5c29GTcWGDyd8itL8zTlipgECz3JesAiiOKotd8JU6otB3PACgG6xkJUyVhboMS+bje/jA==}
    engines: {node: '>=6'}

  fraction.js@5.3.4:
    resolution: {integrity: sha512-1X1NTtiJphryn/uLQz3whtY6jK3fTqoE3ohKs0tT+Ujr1W59oopxmoEh7Lu5p6vBaPbgoM0bzveAW4Qi5RyWDQ==}

  nanoid@3.3.11:
    resolution: {integrity: sha512-N8SpfPUnUp1bK+PMYW8qSWdl9U+wwNWI4QKxOYDy9JAro3WMX7p2OeVRF9v+347pnakNevPmiHhNmZ2HbFA76w==}
    engines: {node: ^10 || ^12 || ^13.7 || ^14 || >=15.0.1}
    hasBin: true

  node-releases@2.0.36:
    resolution: {integrity: sha512-TdC8FSgHz8Mwtw9g5L4gR/Sh9XhSP/0DEkQxfEFXOpiul5IiHgHan2VhYYb6agDSfp4KuvltmGApc8HMgUrIkA==}

  picocolors@1.1.1:
    resolution: {integrity: sha512-xceH2snhtb5M9liqDsmEw56le376mTZkEX/jEb/RxNFyegNul7eNslCXP9FDj/Lcu0X8KEyMceP2ntpaHrDEVA==}

  postcss-attribute-case-insensitive@8.0.0:
    resolution: {integrity: sha512-fovIPEV35c2JzVXdmP+sp2xirbBMt54J+upU8u6TSj410kUU5+axgEzvBBSAX8KCybze8CFCelzFAw/FfWg2TA==}
    engines: {node: '>=20.19.0'}
    peerDependencies:
      postcss: ^8.4

  postcss-clamp@4.1.0:
    resolution: {integrity: sha512-ry4b1Llo/9zz+PKC+030KUnPITTJAHeOwjfAyyB60eT0AorGLdzp52s31OsPRHRf8NchkgFoG2y6fCfn1IV1Ow==}
    engines: {node: '>=7.6.0'}
    peerDependencies:
      postcss: ^8.4.6

  postcss-color-functional-notation@8.0.2:
    resolution: {integrity: sha512-tbmkk6teYpJzFcGwPIhN1gkvxqGHvNx2PMb8Y3S5Ktyn7xOlvD98XzQ99MFY5mAyvXWclDG+BgoJKYJXFJOp5Q==}
    engines: {node: '>=20.19.0'}
    peerDependencies:
      postcss: ^8.4

  postcss-color-hex-alpha@11.0.0:
    resolution: {integrity: sha512-NCGa6vjIyrjosz9GqRxVKbONBklz5TeipYqTJp3IqbnBWlBq5e5EMtG6MaX4vqk9LzocPfMQkuRK9tfk+OQuKg==}
    engines: {node: '>=20.19.0'}
    peerDependencies:
      postcss: ^8.4

  postcss-color-rebeccapurple@11.0.0:
    resolution: {integrity: sha512-g9561mx7cbdqx7XeO/L+lJzVlzu7bICyXr72efBVKZGxIhvBBJf9fGXn3Cb6U4Bwh3LbzQO2e9NWBLVYdX5Eag==}
    engines: {node: '>=20.19.0'}
    peerDependencies:
      postcss: ^8.4

  postcss-custom-media@12.0.1:
    resolution: {integrity: sha512-66syE14+VeqkUf0rRX0bvbTCbNRJF132jD+ceo8th1dap2YJEAqpdh5uG98CE3IbgHT7m9XM0GIlOazNWqQdeA==}
    engines: {node: '>=20.19.0'}
    peerDependencies:
      postcss: ^8.4

  postcss-custom-properties@15.0.1:
    resolution: {integrity: sha512-cuyq8sd8dLY0GLbelz1KB8IMIoDECo6RVXMeHeXY2Uw3Q05k/d1GVITdaKLsheqrHbnxlwxzSRZQQ5u+rNtbMg==}
    engines: {node: '>=20.19.0'}
    peerDependencies:
      postcss: ^8.4

  postcss-custom-selectors@9.0.1:
    resolution: {integrity: sha512-2XBELy4DmdVKimChfaZ2id9u9CSGYQhiJ53SvlfBvMTzLMW2VxuMb9rHsMSQw9kRq/zSbhT5x13EaK8JSmK8KQ==}
    engines: {node: '>=20.19.0'}
    peerDependencies:
      postcss: ^8.4

  postcss-dir-pseudo-class@10.0.0:
    resolution: {integrity: sha512-DmtIzULpyC8XaH4b5AaUgt4Jic4QmrECqidNCdR7u7naQFdnxX80YI06u238a+ZVRXwURDxVzy0s/UQnWmpVeg==}
    engines: {node: '>=20.19.0'}
    peerDependencies:
      postcss: ^8.4

  postcss-double-position-gradients@7.0.0:
    resolution: {integrity: sha512-Msr/dxj8Os7KLJE5Hdhvprwm3K5Zrh1KTY0eFN3ngPKNkej/Usy4BM9JQmqE6CLAkDpHoQVsi4snbL72CPt6qg==}
    engines: {node: '>=20.19.0'}
    peerDependencies:
      postcss: ^8.4

  postcss-focus-visible@11.0.0:
    resolution: {integrity: sha512-VG1a9kBKizUBWS66t5xyB4uLONBnvZLCmZXxT40FALu8EF0QgVZBYy5ApC0KhmpHsv+pvHMJHB3agKHwmocWjw==}
    engines: {node: '>=20.19.0'}
    peerDependencies:
      postcss: ^8.4

  postcss-focus-within@10.0.0:
    resolution: {integrity: sha512-dvql0fzUTG+gcJYp+KTbag5vAjuo94LDYZHkqDV1rnf5gPGer1v/SrmIZBdvKU8moep3HbcbujqGjzSb3DL53Q==}
    engines: {node: '>=20.19.0'}
    peerDependencies:
      postcss: ^8.4

  postcss-font-variant@5.0.0:
    resolution: {integrity: sha512-1fmkBaCALD72CK2a9i468mA/+tr9/1cBxRRMXOUaZqO43oWPR5imcyPjXwuv7PXbCid4ndlP5zWhidQVVa3hmA==}
    peerDependencies:
      postcss: ^8.1.0

  postcss-gap-properties@7.0.0:
    resolution: {integrity: sha512-PSDF2QoZMRUbsINvXObQgxx4HExRP85QTT8qS/YN9fBsCPWCqUuwqAD6E6PNp0BqL/jU1eyWUBORaOK/J/9LDA==}
    engines: {node: '>=20.19.0'}
    peerDependencies:
      postcss: ^8.4

  postcss-image-set-function@8.0.0:
    resolution: {integrity: sha512-rEGNkOkNusf4+IuMmfEoIdLuVmvbExGbmG+MIsyV6jR5UaWSoyPcAYHV/PxzVDCmudyF+2Nh/o6Ub2saqUdnuA==}
    engines: {node: '>=20.19.0'}
    peerDependencies:
      postcss: ^8.4

  postcss-lab-function@8.0.2:
    resolution: {integrity: sha512-1ZIAh8ODhZdnAb09Aq2BTenePKS1G/kUR0FwvzkQDfFtSOV64Ycv27YvV11fDycEvhIcEmgYkLABXKRiWcXRuA==}
    engines: {node: '>=20.19.0'}
    peerDependencies:
      postcss: ^8.4

  postcss-logical@9.0.0:
    resolution: {integrity: sha512-A4LNd9dk3q/juEUA9Gd8ALhBO3TeOeYurnyHLlf2aAToD94VHR8c5Uv7KNmf8YVRhTxvWsyug4c5fKtARzyIRQ==}
    engines: {node: '>=20.19.0'}
    peerDependencies:
      postcss: ^8.4

  postcss-nesting@14.0.0:
    resolution: {integrity: sha512-YGFOfVrjxYfeGTS5XctP1WCI5hu8Lr9SmntjfRC+iX5hCihEO+QZl9Ra+pkjqkgoVdDKvb2JccpElcowhZtzpw==}
    engines: {node: '>=20.19.0'}
    peerDependencies:
      postcss: ^8.4

  postcss-opacity-percentage@3.0.0:
    resolution: {integrity: sha512-K6HGVzyxUxd/VgZdX04DCtdwWJ4NGLG212US4/LA1TLAbHgmAsTWVR86o+gGIbFtnTkfOpb9sCRBx8K7HO66qQ==}
    engines: {node: '>=18'}
    peerDependencies:
      postcss: ^8.4

  postcss-overflow-shorthand@7.0.0:
    resolution: {integrity: sha512-9SLpjoUdGRoRrzoOdX66HbUs0+uDwfIAiXsRa7piKGOqPd6F4ZlON9oaDSP5r1Qpgmzw5L9Ht0undIK6igJPMA==}
    engines: {node: '>=20.19.0'}
    peerDependencies:
      postcss: ^8.4

  postcss-page-break@3.0.4:
    resolution: {integrity: sha512-1JGu8oCjVXLa9q9rFTo4MbeeA5FMe00/9C7lN4va606Rdb+HkxXtXsmEDrIraQ11fGz/WvKWa8gMuCKkrXpTsQ==}
    peerDependencies:
      postcss: ^8

  postcss-place@11.0.0:
    resolution: {integrity: sha512-fAifpyjQ+fuDRp2nmF95WbotqbpjdazebedahXdfBxy5sHembOLpBQ1cHveZD9ZmjK26tYM8tikeNaUlp/KfHA==}
    engines: {node: '>=20.19.0'}
    peerDependencies:
      postcss: ^8.4

  postcss-preset-env@11.2.0:
    resolution: {integrity: sha512-eNYpuj68cjGjvZMoSAbHilaCt3yIyzBL1cVuSGJfvJewsaBW/U6dI2bqCJl3iuZsL+yvBobcy4zJFA/3I68IHQ==}
    engines: {node: '>=20.19.0'}
    peerDependencies:
      postcss: ^8.4

  postcss-pseudo-class-any-link@11.0.0:
    resolution: {integrity: sha512-DNFZ4GMa3C3pU5dM+UCTG1CEeLtS1ZqV5DKSqCTJQMn1G5jnd/30fS8+A7H4o5bSD3MOcnx+VgI+xPE9Z5Wvig==}
    engines: {node: '>=20.19.0'}
    peerDependencies:
      postcss: ^8.4

  postcss-replace-overflow-wrap@4.0.0:
    resolution: {integrity: sha512-KmF7SBPphT4gPPcKZc7aDkweHiKEEO8cla/GjcBK+ckKxiZslIu3C4GCRW3DNfL0o7yW7kMQu9xlZ1kXRXLXtw==}
    peerDependencies:
      postcss: ^8.0.3

  postcss-selector-not@9.0.0:
    resolution: {integrity: sha512-xhAtTdHnVU2M/CrpYOPyRUvg3njhVlKmn2GNYXDaRJV9Ygx4d5OkSkc7NINzjUqnbDFtaKXlISOBeyMXU/zyFQ==}
    engines: {node: '>=20.19.0'}
    peerDependencies:
      postcss: ^8.4

  postcss-selector-parser@7.1.1:
    resolution: {integrity: sha512-orRsuYpJVw8LdAwqqLykBj9ecS5/cRHlI5+nvTo8LcCKmzDmqVORXtOIYEEQuL9D4BxtA1lm5isAqzQZCoQ6Eg==}
    engines: {node: '>=4'}

  postcss-value-parser@4.2.0:
    resolution: {integrity: sha512-1NNCs6uurfkVbeXG4S8JFT9t19m45ICnif8zWLd5oPSZ50QnwMfK+H3jv408d4jw/7Bttv5axS5IiHoLaVNHeQ==}

  postcss@8.5.8:
    resolution: {integrity: sha512-OW/rX8O/jXnm82Ey1k44pObPtdblfiuWnrd8X7GJ7emImCOstunGbXUpp7HdBrFQX6rJzn3sPT397Wp5aCwCHg==}
    engines: {node: ^10 || ^12 || >=14}

  source-map-js@1.2.1:
    resolution: {integrity: sha512-UXWMKhLOwVKb728IUtQPXxfYU+usdybtUrK/8uGE8CQMvrhOpwvzDBwj0QhSL7MQc7vIsISBG8VQ8+IDQxpfQA==}
    engines: {node: '>=0.10.0'}

  update-browserslist-db@1.2.3:
    resolution: {integrity: sha512-Js0m9cx+qOgDxo0eMiFGEueWztz+d4+M3rGlmKPT+T4IS/jP4ylw3Nwpu6cpTTP8R1MAC1kF4VbdLt3ARf209w==}
    hasBin: true
    peerDependencies:
      browserslist: '>= 4.21.0'

  util-deprecate@1.0.2:
    resolution: {integrity: sha512-EPD5q1uXyFxJpCrLnCc1nHnq3gOa6DZBocAIiI2TaSCA7VCJ1UJDMagCzIkXNsUYfD1daK//LTEQ8xiIbrHtcw==}

snapshots:

  '@csstools/cascade-layer-name-parser@3.0.0(@csstools/css-parser-algorithms@4.0.0(@csstools/css-tokenizer@4.0.0))(@csstools/css-tokenizer@4.0.0)':
    dependencies:
      '@csstools/css-parser-algorithms': 4.0.0(@csstools/css-tokenizer@4.0.0)
      '@csstools/css-tokenizer': 4.0.0

  '@csstools/color-helpers@6.0.2': {}

  '@csstools/css-calc@3.1.1(@csstools/css-parser-algorithms@4.0.0(@csstools/css-tokenizer@4.0.0))(@csstools/css-tokenizer@4.0.0)':
    dependencies:
      '@csstools/css-parser-algorithms': 4.0.0(@csstools/css-tokenizer@4.0.0)
      '@csstools/css-tokenizer': 4.0.0

  '@csstools/css-color-parser@4.0.2(@csstools/css-parser-algorithms@4.0.0(@csstools/css-tokenizer@4.0.0))(@csstools/css-tokenizer@4.0.0)':
    dependencies:
      '@csstools/color-helpers': 6.0.2
      '@csstools/css-calc': 3.1.1(@csstools/css-parser-algorithms@4.0.0(@csstools/css-tokenizer@4.0.0))(@csstools/css-tokenizer@4.0.0)
      '@csstools/css-parser-algorithms': 4.0.0(@csstools/css-tokenizer@4.0.0)
      '@csstools/css-tokenizer': 4.0.0

  '@csstools/css-parser-algorithms@4.0.0(@csstools/css-tokenizer@4.0.0)':
    dependencies:
      '@csstools/css-tokenizer': 4.0.0

  '@csstools/css-tokenizer@4.0.0': {}

  '@csstools/media-query-list-parser@5.0.0(@csstools/css-parser-algorithms@4.0.0(@csstools/css-tokenizer@4.0.0))(@csstools/css-tokenizer@4.0.0)':
    dependencies:
      '@csstools/css-parser-algorithms': 4.0.0(@csstools/css-tokenizer@4.0.0)
      '@csstools/css-tokenizer': 4.0.0

  '@csstools/postcss-alpha-function@2.0.3(postcss@8.5.8)':
    dependencies:
      '@csstools/css-color-parser': 4.0.2(@csstools/css-parser-algorithms@4.0.0(@csstools/css-tokenizer@4.0.0))(@csstools/css-tokenizer@4.0.0)
      '@csstools/css-parser-algorithms': 4.0.0(@csstools/css-tokenizer@4.0.0)
      '@csstools/css-tokenizer': 4.0.0
      '@csstools/postcss-progressive-custom-properties': 5.0.0(postcss@8.5.8)
      '@csstools/utilities': 3.0.0(postcss@8.5.8)
      postcss: 8.5.8

  '@csstools/postcss-cascade-layers@6.0.0(postcss@8.5.8)':
    dependencies:
      '@csstools/selector-specificity': 6.0.0(postcss-selector-parser@7.1.1)
      postcss: 8.5.8
      postcss-selector-parser: 7.1.1

  '@csstools/postcss-color-function-display-p3-linear@2.0.2(postcss@8.5.8)':
    dependencies:
      '@csstools/css-color-parser': 4.0.2(@csstools/css-parser-algorithms@4.0.0(@csstools/css-tokenizer@4.0.0))(@csstools/css-tokenizer@4.0.0)
      '@csstools/css-parser-algorithms': 4.0.0(@csstools/css-tokenizer@4.0.0)
      '@csstools/css-tokenizer': 4.0.0
      '@csstools/postcss-progressive-custom-properties': 5.0.0(postcss@8.5.8)
      '@csstools/utilities': 3.0.0(postcss@8.5.8)
      postcss: 8.5.8

  '@csstools/postcss-color-function@5.0.2(postcss@8.5.8)':
    dependencies:
      '@csstools/css-color-parser': 4.0.2(@csstools/css-parser-algorithms@4.0.0(@csstools/css-tokenizer@4.0.0))(@csstools/css-tokenizer@4.0.0)
      '@csstools/css-parser-algorithms': 4.0.0(@csstools/css-tokenizer@4.0.0)
      '@csstools/css-tokenizer': 4.0.0
      '@csstools/postcss-progressive-custom-properties': 5.0.0(postcss@8.5.8)
      '@csstools/utilities': 3.0.0(postcss@8.5.8)
      postcss: 8.5.8

  '@csstools/postcss-color-mix-function@4.0.2(postcss@8.5.8)':
    dependencies:
      '@csstools/css-color-parser': 4.0.2(@csstools/css-parser-algorithms@4.0.0(@csstools/css-tokenizer@4.0.0))(@csstools/css-tokenizer@4.0.0)
      '@csstools/css-parser-algorithms': 4.0.0(@csstools/css-tokenizer@4.0.0)
      '@csstools/css-tokenizer': 4.0.0
      '@csstools/postcss-progressive-custom-properties': 5.0.0(postcss@8.5.8)
      '@csstools/utilities': 3.0.0(postcss@8.5.8)
      postcss: 8.5.8

  '@csstools/postcss-color-mix-variadic-function-arguments@2.0.2(postcss@8.5.8)':
    dependencies:
      '@csstools/css-color-parser': 4.0.2(@csstools/css-parser-algorithms@4.0.0(@csstools/css-tokenizer@4.0.0))(@csstools/css-tokenizer@4.0.0)
      '@csstools/css-parser-algorithms': 4.0.0(@csstools/css-tokenizer@4.0.0)
      '@csstools/css-tokenizer': 4.0.0
      '@csstools/postcss-progressive-custom-properties': 5.0.0(postcss@8.5.8)
      '@csstools/utilities': 3.0.0(postcss@8.5.8)
      postcss: 8.5.8

  '@csstools/postcss-content-alt-text@3.0.0(postcss@8.5.8)':
    dependencies:
      '@csstools/css-parser-algorithms': 4.0.0(@csstools/css-tokenizer@4.0.0)
      '@csstools/css-tokenizer': 4.0.0
      '@csstools/postcss-progressive-custom-properties': 5.0.0(postcss@8.5.8)
      '@csstools/utilities': 3.0.0(postcss@8.5.8)
      postcss: 8.5.8

  '@csstools/postcss-contrast-color-function@3.0.2(postcss@8.5.8)':
    dependencies:
      '@csstools/css-color-parser': 4.0.2(@csstools/css-parser-algorithms@4.0.0(@csstools/css-tokenizer@4.0.0))(@csstools/css-tokenizer@4.0.0)
      '@csstools/css-parser-algorithms': 4.0.0(@csstools/css-tokenizer@4.0.0)
      '@csstools/css-tokenizer': 4.0.0
      '@csstools/postcss-progressive-custom-properties': 5.0.0(postcss@8.5.8)
      '@csstools/utilities': 3.0.0(postcss@8.5.8)
      postcss: 8.5.8

  '@csstools/postcss-exponential-functions@3.0.1(postcss@8.5.8)':
    dependencies:
      '@csstools/css-calc': 3.1.1(@csstools/css-parser-algorithms@4.0.0(@csstools/css-tokenizer@4.0.0))(@csstools/css-tokenizer@4.0.0)
      '@csstools/css-parser-algorithms': 4.0.0(@csstools/css-tokenizer@4.0.0)
      '@csstools/css-tokenizer': 4.0.0
      postcss: 8.5.8

  '@csstools/postcss-font-format-keywords@5.0.0(postcss@8.5.8)':
    dependencies:
      '@csstools/utilities': 3.0.0(postcss@8.5.8)
      postcss: 8.5.8
      postcss-value-parser: 4.2.0

  '@csstools/postcss-font-width-property@1.0.0(postcss@8.5.8)':
    dependencies:
      '@csstools/utilities': 3.0.0(postcss@8.5.8)
      postcss: 8.5.8

  '@csstools/postcss-gamut-mapping@3.0.2(postcss@8.5.8)':
    dependencies:
      '@csstools/css-color-parser': 4.0.2(@csstools/css-parser-algorithms@4.0.0(@csstools/css-tokenizer@4.0.0))(@csstools/css-tokenizer@4.0.0)
      '@csstools/css-parser-algorithms': 4.0.0(@csstools/css-tokenizer@4.0.0)
      '@csstools/css-tokenizer': 4.0.0
      postcss: 8.5.8

  '@csstools/postcss-gradients-interpolation-method@6.0.2(postcss@8.5.8)':
    dependencies:
      '@csstools/css-color-parser': 4.0.2(@csstools/css-parser-algorithms@4.0.0(@csstools/css-tokenizer@4.0.0))(@csstools/css-tokenizer@4.0.0)
      '@csstools/css-parser-algorithms': 4.0.0(@csstools/css-tokenizer@4.0.0)
      '@csstools/css-tokenizer': 4.0.0
      '@csstools/postcss-progressive-custom-properties': 5.0.0(postcss@8.5.8)
      '@csstools/utilities': 3.0.0(postcss@8.5.8)
      postcss: 8.5.8

  '@csstools/postcss-hwb-function@5.0.2(postcss@8.5.8)':
    dependencies:
      '@csstools/css-color-parser': 4.0.2(@csstools/css-parser-algorithms@4.0.0(@csstools/css-tokenizer@4.0.0))(@csstools/css-tokenizer@4.0.0)
      '@csstools/css-parser-algorithms': 4.0.0(@csstools/css-tokenizer@4.0.0)
      '@csstools/css-tokenizer': 4.0.0
      '@csstools/postcss-progressive-custom-properties': 5.0.0(postcss@8.5.8)
      '@csstools/utilities': 3.0.0(postcss@8.5.8)
      postcss: 8.5.8

  '@csstools/postcss-ic-unit@5.0.0(postcss@8.5.8)':
    dependencies:
      '@csstools/postcss-progressive-custom-properties': 5.0.0(postcss@8.5.8)
      '@csstools/utilities': 3.0.0(postcss@8.5.8)
      postcss: 8.5.8
      postcss-value-parser: 4.2.0

  '@csstools/postcss-initial@3.0.0(postcss@8.5.8)':
    dependencies:
      postcss: 8.5.8

  '@csstools/postcss-is-pseudo-class@6.0.0(postcss@8.5.8)':
    dependencies:
      '@csstools/selector-specificity': 6.0.0(postcss-selector-parser@7.1.1)
      postcss: 8.5.8
      postcss-selector-parser: 7.1.1

  '@csstools/postcss-light-dark-function@3.0.0(postcss@8.5.8)':
    dependencies:
      '@csstools/css-parser-algorithms': 4.0.0(@csstools/css-tokenizer@4.0.0)
      '@csstools/css-tokenizer': 4.0.0
      '@csstools/postcss-progressive-custom-properties': 5.0.0(postcss@8.5.8)
      '@csstools/utilities': 3.0.0(postcss@8.5.8)
      postcss: 8.5.8

  '@csstools/postcss-logical-float-and-clear@4.0.0(postcss@8.5.8)':
    dependencies:
      postcss: 8.5.8

  '@csstools/postcss-logical-overflow@3.0.0(postcss@8.5.8)':
    dependencies:
      postcss: 8.5.8

  '@csstools/postcss-logical-overscroll-behavior@3.0.0(postcss@8.5.8)':
    dependencies:
      postcss: 8.5.8

  '@csstools/postcss-logical-resize@4.0.0(postcss@8.5.8)':
    dependencies:
      postcss: 8.5.8
      postcss-value-parser: 4.2.0

  '@csstools/postcss-logical-viewport-units@4.0.0(postcss@8.5.8)':
    dependencies:
      '@csstools/css-tokenizer': 4.0.0
      '@csstools/utilities': 3.0.0(postcss@8.5.8)
      postcss: 8.5.8

  '@csstools/postcss-media-minmax@3.0.1(postcss@8.5.8)':
    dependencies:
      '@csstools/css-calc': 3.1.1(@csstools/css-parser-algorithms@4.0.0(@csstools/css-tokenizer@4.0.0))(@csstools/css-tokenizer@4.0.0)
      '@csstools/css-parser-algorithms': 4.0.0(@csstools/css-tokenizer@4.0.0)
      '@csstools/css-tokenizer': 4.0.0
      '@csstools/media-query-list-parser': 5.0.0(@csstools/css-parser-algorithms@4.0.0(@csstools/css-tokenizer@4.0.0))(@csstools/css-tokenizer@4.0.0)
      postcss: 8.5.8

  '@csstools/postcss-media-queries-aspect-ratio-number-values@4.0.0(postcss@8.5.8)':
    dependencies:
      '@csstools/css-parser-algorithms': 4.0.0(@csstools/css-tokenizer@4.0.0)
      '@csstools/css-tokenizer': 4.0.0
      '@csstools/media-query-list-parser': 5.0.0(@csstools/css-parser-algorithms@4.0.0(@csstools/css-tokenizer@4.0.0))(@csstools/css-tokenizer@4.0.0)
      postcss: 8.5.8

  '@csstools/postcss-mixins@1.0.0(postcss@8.5.8)':
    dependencies:
      '@csstools/css-parser-algorithms': 4.0.0(@csstools/css-tokenizer@4.0.0)
      '@csstools/css-tokenizer': 4.0.0
      postcss: 8.5.8

  '@csstools/postcss-nested-calc@5.0.0(postcss@8.5.8)':
    dependencies:
      '@csstools/utilities': 3.0.0(postcss@8.5.8)
      postcss: 8.5.8
      postcss-value-parser: 4.2.0

  '@csstools/postcss-normalize-display-values@5.0.1(postcss@8.5.8)':
    dependencies:
      postcss: 8.5.8
      postcss-value-parser: 4.2.0

  '@csstools/postcss-oklab-function@5.0.2(postcss@8.5.8)':
    dependencies:
      '@csstools/css-color-parser': 4.0.2(@csstools/css-parser-algorithms@4.0.0(@csstools/css-tokenizer@4.0.0))(@csstools/css-tokenizer@4.0.0)
      '@csstools/css-parser-algorithms': 4.0.0(@csstools/css-tokenizer@4.0.0)
      '@csstools/css-tokenizer': 4.0.0
      '@csstools/postcss-progressive-custom-properties': 5.0.0(postcss@8.5.8)
      '@csstools/utilities': 3.0.0(postcss@8.5.8)
      postcss: 8.5.8

  '@csstools/postcss-position-area-property@2.0.0(postcss@8.5.8)':
    dependencies:
      postcss: 8.5.8

  '@csstools/postcss-progressive-custom-properties@5.0.0(postcss@8.5.8)':
    dependencies:
      postcss: 8.5.8
      postcss-value-parser: 4.2.0

  '@csstools/postcss-property-rule-prelude-list@2.0.0(postcss@8.5.8)':
    dependencies:
      '@csstools/css-parser-algorithms': 4.0.0(@csstools/css-tokenizer@4.0.0)
      '@csstools/css-tokenizer': 4.0.0
      postcss: 8.5.8

  '@csstools/postcss-random-function@3.0.1(postcss@8.5.8)':
    dependencies:
      '@csstools/css-calc': 3.1.1(@csstools/css-parser-algorithms@4.0.0(@csstools/css-tokenizer@4.0.0))(@csstools/css-tokenizer@4.0.0)
      '@csstools/css-parser-algorithms': 4.0.0(@csstools/css-tokenizer@4.0.0)
      '@csstools/css-tokenizer': 4.0.0
      postcss: 8.5.8

  '@csstools/postcss-relative-color-syntax@4.0.2(postcss@8.5.8)':
    dependencies:
      '@csstools/css-color-parser': 4.0.2(@csstools/css-parser-algorithms@4.0.0(@csstools/css-tokenizer@4.0.0))(@csstools/css-tokenizer@4.0.0)
      '@csstools/css-parser-algorithms': 4.0.0(@csstools/css-tokenizer@4.0.0)
      '@csstools/css-tokenizer': 4.0.0
      '@csstools/postcss-progressive-custom-properties': 5.0.0(postcss@8.5.8)
      '@csstools/utilities': 3.0.0(postcss@8.5.8)
      postcss: 8.5.8

  '@csstools/postcss-scope-pseudo-class@5.0.0(postcss@8.5.8)':
    dependencies:
      postcss: 8.5.8
      postcss-selector-parser: 7.1.1

  '@csstools/postcss-sign-functions@2.0.1(postcss@8.5.8)':
    dependencies:
      '@csstools/css-calc': 3.1.1(@csstools/css-parser-algorithms@4.0.0(@csstools/css-tokenizer@4.0.0))(@csstools/css-tokenizer@4.0.0)
      '@csstools/css-parser-algorithms': 4.0.0(@csstools/css-tokenizer@4.0.0)
      '@csstools/css-tokenizer': 4.0.0
      postcss: 8.5.8

  '@csstools/postcss-stepped-value-functions@5.0.1(postcss@8.5.8)':
    dependencies:
      '@csstools/css-calc': 3.1.1(@csstools/css-parser-algorithms@4.0.0(@csstools/css-tokenizer@4.0.0))(@csstools/css-tokenizer@4.0.0)
      '@csstools/css-parser-algorithms': 4.0.0(@csstools/css-tokenizer@4.0.0)
      '@csstools/css-tokenizer': 4.0.0
      postcss: 8.5.8

  '@csstools/postcss-syntax-descriptor-syntax-production@2.0.0(postcss@8.5.8)':
    dependencies:
      '@csstools/css-tokenizer': 4.0.0
      postcss: 8.5.8

  '@csstools/postcss-system-ui-font-family@2.0.0(postcss@8.5.8)':
    dependencies:
      '@csstools/css-parser-algorithms': 4.0.0(@csstools/css-tokenizer@4.0.0)
      '@csstools/css-tokenizer': 4.0.0
      postcss: 8.5.8

  '@csstools/postcss-text-decoration-shorthand@5.0.3(postcss@8.5.8)':
    dependencies:
      '@csstools/color-helpers': 6.0.2
      postcss: 8.5.8
      postcss-value-parser: 4.2.0

  '@csstools/postcss-trigonometric-functions@5.0.1(postcss@8.5.8)':
    dependencies:
      '@csstools/css-calc': 3.1.1(@csstools/css-parser-algorithms@4.0.0(@csstools/css-tokenizer@4.0.0))(@csstools/css-tokenizer@4.0.0)
      '@csstools/css-parser-algorithms': 4.0.0(@csstools/css-tokenizer@4.0.0)
      '@csstools/css-tokenizer': 4.0.0
      postcss: 8.5.8

  '@csstools/postcss-unset-value@5.0.0(postcss@8.5.8)':
    dependencies:
      postcss: 8.5.8

  '@csstools/selector-resolve-nested@4.0.0(postcss-selector-parser@7.1.1)':
    dependencies:
      postcss-selector-parser: 7.1.1

  '@csstools/selector-specificity@6.0.0(postcss-selector-parser@7.1.1)':
    dependencies:
      postcss-selector-parser: 7.1.1

  '@csstools/utilities@3.0.0(postcss@8.5.8)':
    dependencies:
      postcss: 8.5.8

  autoprefixer@10.4.27(postcss@8.5.8):
    dependencies:
      browserslist: 4.28.1
      caniuse-lite: 1.0.30001776
      fraction.js: 5.3.4
      picocolors: 1.1.1
      postcss: 8.5.8
      postcss-value-parser: 4.2.0

  baseline-browser-mapping@2.10.0: {}

  browserslist@4.28.1:
    dependencies:
      baseline-browser-mapping: 2.10.0
      caniuse-lite: 1.0.30001776
      electron-to-chromium: 1.5.307
      node-releases: 2.0.36
      update-browserslist-db: 1.2.3(browserslist@4.28.1)

  caniuse-lite@1.0.30001776: {}

  css-blank-pseudo@8.0.1(postcss@8.5.8):
    dependencies:
      postcss: 8.5.8
      postcss-selector-parser: 7.1.1

  css-has-pseudo@8.0.0(postcss@8.5.8):
    dependencies:
      '@csstools/selector-specificity': 6.0.0(postcss-selector-parser@7.1.1)
      postcss: 8.5.8
      postcss-selector-parser: 7.1.1
      postcss-value-parser: 4.2.0

  css-prefers-color-scheme@11.0.0(postcss@8.5.8):
    dependencies:
      postcss: 8.5.8

  cssdb@8.8.0: {}

  cssesc@3.0.0: {}

  electron-to-chromium@1.5.307: {}

  escalade@3.2.0: {}

  fraction.js@5.3.4: {}

  nanoid@3.3.11: {}

  node-releases@2.0.36: {}

  picocolors@1.1.1: {}

  postcss-attribute-case-insensitive@8.0.0(postcss@8.5.8):
    dependencies:
      postcss: 8.5.8
      postcss-selector-parser: 7.1.1

  postcss-clamp@4.1.0(postcss@8.5.8):
    dependencies:
      postcss: 8.5.8
      postcss-value-parser: 4.2.0

  postcss-color-functional-notation@8.0.2(postcss@8.5.8):
    dependencies:
      '@csstools/css-color-parser': 4.0.2(@csstools/css-parser-algorithms@4.0.0(@csstools/css-tokenizer@4.0.0))(@csstools/css-tokenizer@4.0.0)
      '@csstools/css-parser-algorithms': 4.0.0(@csstools/css-tokenizer@4.0.0)
      '@csstools/css-tokenizer': 4.0.0
      '@csstools/postcss-progressive-custom-properties': 5.0.0(postcss@8.5.8)
      '@csstools/utilities': 3.0.0(postcss@8.5.8)
      postcss: 8.5.8

  postcss-color-hex-alpha@11.0.0(postcss@8.5.8):
    dependencies:
      '@csstools/utilities': 3.0.0(postcss@8.5.8)
      postcss: 8.5.8
      postcss-value-parser: 4.2.0

  postcss-color-rebeccapurple@11.0.0(postcss@8.5.8):
    dependencies:
      '@csstools/utilities': 3.0.0(postcss@8.5.8)
      postcss: 8.5.8
      postcss-value-parser: 4.2.0

  postcss-custom-media@12.0.1(postcss@8.5.8):
    dependencies:
      '@csstools/cascade-layer-name-parser': 3.0.0(@csstools/css-parser-algorithms@4.0.0(@csstools/css-tokenizer@4.0.0))(@csstools/css-tokenizer@4.0.0)
      '@csstools/css-parser-algorithms': 4.0.0(@csstools/css-tokenizer@4.0.0)
      '@csstools/css-tokenizer': 4.0.0
      '@csstools/media-query-list-parser': 5.0.0(@csstools/css-parser-algorithms@4.0.0(@csstools/css-tokenizer@4.0.0))(@csstools/css-tokenizer@4.0.0)
      postcss: 8.5.8

  postcss-custom-properties@15.0.1(postcss@8.5.8):
    dependencies:
      '@csstools/cascade-layer-name-parser': 3.0.0(@csstools/css-parser-algorithms@4.0.0(@csstools/css-tokenizer@4.0.0))(@csstools/css-tokenizer@4.0.0)
      '@csstools/css-parser-algorithms': 4.0.0(@csstools/css-tokenizer@4.0.0)
      '@csstools/css-tokenizer': 4.0.0
      '@csstools/utilities': 3.0.0(postcss@8.5.8)
      postcss: 8.5.8
      postcss-value-parser: 4.2.0

  postcss-custom-selectors@9.0.1(postcss@8.5.8):
    dependencies:
      '@csstools/cascade-layer-name-parser': 3.0.0(@csstools/css-parser-algorithms@4.0.0(@csstools/css-tokenizer@4.0.0))(@csstools/css-tokenizer@4.0.0)
      '@csstools/css-parser-algorithms': 4.0.0(@csstools/css-tokenizer@4.0.0)
      '@csstools/css-tokenizer': 4.0.0
      postcss: 8.5.8
      postcss-selector-parser: 7.1.1

  postcss-dir-pseudo-class@10.0.0(postcss@8.5.8):
    dependencies:
      postcss: 8.5.8
      postcss-selector-parser: 7.1.1

  postcss-double-position-gradients@7.0.0(postcss@8.5.8):
    dependencies:
      '@csstools/postcss-progressive-custom-properties': 5.0.0(postcss@8.5.8)
      '@csstools/utilities': 3.0.0(postcss@8.5.8)
      postcss: 8.5.8
      postcss-value-parser: 4.2.0

  postcss-focus-visible@11.0.0(postcss@8.5.8):
    dependencies:
      postcss: 8.5.8
      postcss-selector-parser: 7.1.1

  postcss-focus-within@10.0.0(postcss@8.5.8):
    dependencies:
      postcss: 8.5.8
      postcss-selector-parser: 7.1.1

  postcss-font-variant@5.0.0(postcss@8.5.8):
    dependencies:
      postcss: 8.5.8

  postcss-gap-properties@7.0.0(postcss@8.5.8):
    dependencies:
      postcss: 8.5.8

  postcss-image-set-function@8.0.0(postcss@8.5.8):
    dependencies:
      '@csstools/utilities': 3.0.0(postcss@8.5.8)
      postcss: 8.5.8
      postcss-value-parser: 4.2.0

  postcss-lab-function@8.0.2(postcss@8.5.8):
    dependencies:
      '@csstools/css-color-parser': 4.0.2(@csstools/css-parser-algorithms@4.0.0(@csstools/css-tokenizer@4.0.0))(@csstools/css-tokenizer@4.0.0)
      '@csstools/css-parser-algorithms': 4.0.0(@csstools/css-tokenizer@4.0.0)
      '@csstools/css-tokenizer': 4.0.0
      '@csstools/postcss-progressive-custom-properties': 5.0.0(postcss@8.5.8)
      '@csstools/utilities': 3.0.0(postcss@8.5.8)
      postcss: 8.5.8

  postcss-logical@9.0.0(postcss@8.5.8):
    dependencies:
      postcss: 8.5.8
      postcss-value-parser: 4.2.0

  postcss-nesting@14.0.0(postcss@8.5.8):
    dependencies:
      '@csstools/selector-resolve-nested': 4.0.0(postcss-selector-parser@7.1.1)
      '@csstools/selector-specificity': 6.0.0(postcss-selector-parser@7.1.1)
      postcss: 8.5.8
      postcss-selector-parser: 7.1.1

  postcss-opacity-percentage@3.0.0(postcss@8.5.8):
    dependencies:
      postcss: 8.5.8

  postcss-overflow-shorthand@7.0.0(postcss@8.5.8):
    dependencies:
      postcss: 8.5.8
      postcss-value-parser: 4.2.0

  postcss-page-break@3.0.4(postcss@8.5.8):
    dependencies:
      postcss: 8.5.8

  postcss-place@11.0.0(postcss@8.5.8):
    dependencies:
      postcss: 8.5.8
      postcss-value-parser: 4.2.0

  postcss-preset-env@11.2.0(postcss@8.5.8):
    dependencies:
      '@csstools/postcss-alpha-function': 2.0.3(postcss@8.5.8)
      '@csstools/postcss-cascade-layers': 6.0.0(postcss@8.5.8)
      '@csstools/postcss-color-function': 5.0.2(postcss@8.5.8)
      '@csstools/postcss-color-function-display-p3-linear': 2.0.2(postcss@8.5.8)
      '@csstools/postcss-color-mix-function': 4.0.2(postcss@8.5.8)
      '@csstools/postcss-color-mix-variadic-function-arguments': 2.0.2(postcss@8.5.8)
      '@csstools/postcss-content-alt-text': 3.0.0(postcss@8.5.8)
      '@csstools/postcss-contrast-color-function': 3.0.2(postcss@8.5.8)
      '@csstools/postcss-exponential-functions': 3.0.1(postcss@8.5.8)
      '@csstools/postcss-font-format-keywords': 5.0.0(postcss@8.5.8)
      '@csstools/postcss-font-width-property': 1.0.0(postcss@8.5.8)
      '@csstools/postcss-gamut-mapping': 3.0.2(postcss@8.5.8)
      '@csstools/postcss-gradients-interpolation-method': 6.0.2(postcss@8.5.8)
      '@csstools/postcss-hwb-function': 5.0.2(postcss@8.5.8)
      '@csstools/postcss-ic-unit': 5.0.0(postcss@8.5.8)
      '@csstools/postcss-initial': 3.0.0(postcss@8.5.8)
      '@csstools/postcss-is-pseudo-class': 6.0.0(postcss@8.5.8)
      '@csstools/postcss-light-dark-function': 3.0.0(postcss@8.5.8)
      '@csstools/postcss-logical-float-and-clear': 4.0.0(postcss@8.5.8)
      '@csstools/postcss-logical-overflow': 3.0.0(postcss@8.5.8)
      '@csstools/postcss-logical-overscroll-behavior': 3.0.0(postcss@8.5.8)
      '@csstools/postcss-logical-resize': 4.0.0(postcss@8.5.8)
      '@csstools/postcss-logical-viewport-units': 4.0.0(postcss@8.5.8)
      '@csstools/postcss-media-minmax': 3.0.1(postcss@8.5.8)
      '@csstools/postcss-media-queries-aspect-ratio-number-values': 4.0.0(postcss@8.5.8)
      '@csstools/postcss-mixins': 1.0.0(postcss@8.5.8)
      '@csstools/postcss-nested-calc': 5.0.0(postcss@8.5.8)
      '@csstools/postcss-normalize-display-values': 5.0.1(postcss@8.5.8)
      '@csstools/postcss-oklab-function': 5.0.2(postcss@8.5.8)
      '@csstools/postcss-position-area-property': 2.0.0(postcss@8.5.8)
      '@csstools/postcss-progressive-custom-properties': 5.0.0(postcss@8.5.8)
      '@csstools/postcss-property-rule-prelude-list': 2.0.0(postcss@8.5.8)
      '@csstools/postcss-random-function': 3.0.1(postcss@8.5.8)
      '@csstools/postcss-relative-color-syntax': 4.0.2(postcss@8.5.8)
      '@csstools/postcss-scope-pseudo-class': 5.0.0(postcss@8.5.8)
      '@csstools/postcss-sign-functions': 2.0.1(postcss@8.5.8)
      '@csstools/postcss-stepped-value-functions': 5.0.1(postcss@8.5.8)
      '@csstools/postcss-syntax-descriptor-syntax-production': 2.0.0(postcss@8.5.8)
      '@csstools/postcss-system-ui-font-family': 2.0.0(postcss@8.5.8)
      '@csstools/postcss-text-decoration-shorthand': 5.0.3(postcss@8.5.8)
      '@csstools/postcss-trigonometric-functions': 5.0.1(postcss@8.5.8)
      '@csstools/postcss-unset-value': 5.0.0(postcss@8.5.8)
      autoprefixer: 10.4.27(postcss@8.5.8)
      browserslist: 4.28.1
      css-blank-pseudo: 8.0.1(postcss@8.5.8)
      css-has-pseudo: 8.0.0(postcss@8.5.8)
      css-prefers-color-scheme: 11.0.0(postcss@8.5.8)
      cssdb: 8.8.0
      postcss: 8.5.8
      postcss-attribute-case-insensitive: 8.0.0(postcss@8.5.8)
      postcss-clamp: 4.1.0(postcss@8.5.8)
      postcss-color-functional-notation: 8.0.2(postcss@8.5.8)
      postcss-color-hex-alpha: 11.0.0(postcss@8.5.8)
      postcss-color-rebeccapurple: 11.0.0(postcss@8.5.8)
      postcss-custom-media: 12.0.1(postcss@8.5.8)
      postcss-custom-properties: 15.0.1(postcss@8.5.8)
      postcss-custom-selectors: 9.0.1(postcss@8.5.8)
      postcss-dir-pseudo-class: 10.0.0(postcss@8.5.8)
      postcss-double-position-gradients: 7.0.0(postcss@8.5.8)
      postcss-focus-visible: 11.0.0(postcss@8.5.8)
      postcss-focus-within: 10.0.0(postcss@8.5.8)
      postcss-font-variant: 5.0.0(postcss@8.5.8)
      postcss-gap-properties: 7.0.0(postcss@8.5.8)
      postcss-image-set-function: 8.0.0(postcss@8.5.8)
      postcss-lab-function: 8.0.2(postcss@8.5.8)
      postcss-logical: 9.0.0(postcss@8.5.8)
      postcss-nesting: 14.0.0(postcss@8.5.8)
      postcss-opacity-percentage: 3.0.0(postcss@8.5.8)
      postcss-overflow-shorthand: 7.0.0(postcss@8.5.8)
      postcss-page-break: 3.0.4(postcss@8.5.8)
      postcss-place: 11.0.0(postcss@8.5.8)
      postcss-pseudo-class-any-link: 11.0.0(postcss@8.5.8)
      postcss-replace-overflow-wrap: 4.0.0(postcss@8.5.8)
      postcss-selector-not: 9.0.0(postcss@8.5.8)

  postcss-pseudo-class-any-link@11.0.0(postcss@8.5.8):
    dependencies:
      postcss: 8.5.8
      postcss-selector-parser: 7.1.1

  postcss-replace-overflow-wrap@4.0.0(postcss@8.5.8):
    dependencies:
      postcss: 8.5.8

  postcss-selector-not@9.0.0(postcss@8.5.8):
    dependencies:
      postcss: 8.5.8
      postcss-selector-parser: 7.1.1

  postcss-selector-parser@7.1.1:
    dependencies:
      cssesc: 3.0.0
      util-deprecate: 1.0.2

  postcss-value-parser@4.2.0: {}

  postcss@8.5.8:
    dependencies:
      nanoid: 3.3.11
      picocolors: 1.1.1
      source-map-js: 1.2.1

  source-map-js@1.2.1: {}

  update-browserslist-db@1.2.3(browserslist@4.28.1):
    dependencies:
      browserslist: 4.28.1
      escalade: 3.2.0
      picocolors: 1.1.1

  util-deprecate@1.0.2: {}
